
Microsoft Visual Studio Solution File, Format Version 12.00
# Visual Studio 2012
Project("{FAE04EC0-301F-11D3-BF4B-00C04F79EFBC}") = "Afallon", "Afallon\Afallon.csproj", "{13E65BE9-59EC-42EB-99CA-1A5CE6497135}"
EndProject
Project("{FAE04EC0-301F-11D3-BF4B-00C04F79EFBC}") = "AfallonCore", "AfallonCore\AfallonCore.csproj", "{BA6E976D-4664-4CCD-AFAD-3119AFE830DA}"
EndProject
Project("{FAE04EC0-301F-11D3-BF4B-00C04F79EFBC}") = "AfallonFramework", "AfallonFramework\AfallonFramework.csproj", "{5D0D35C3-F4EF-4316-90A0-FFCF53CDF198}"
EndProject
Project("{2150E333-8FDC-42A3-9474-1A3956D46DE8}") = "Tests", "Tests", "{42496727-4CB0-4BB4-8A5E-0614196E6C36}"
EndProject
Project("{FAE04EC0-301F-11D3-BF4B-00C04F79EFBC}") = "Afallon.Xaml", "Afallon.Xaml\Afallon.Xaml.csproj", "{C85FC6F0-92C0-4920-8CBE-2E4E558D28D8}"
EndProject
Project("{FAE04EC0-301F-11D3-BF4B-00C04F79EFBC}") = "SimpleTest", "Tests\SimpleTest\SimpleTest.csproj", "{C59FCB29-3D52-43BD-8705-91B42166CCF1}"
EndProject
Global
	GlobalSection(SolutionConfigurationPlatforms) = preSolution
		Debug|Any CPU = Debug|Any CPU
		Release|Any CPU = Release|Any CPU
	EndGlobalSection
	GlobalSection(ProjectConfigurationPlatforms) = postSolution
		{13E65BE9-59EC-42EB-99CA-1A5CE6497135}.Debug|Any CPU.ActiveCfg = Debug|Any CPU
		{13E65BE9-59EC-42EB-99CA-1A5CE6497135}.Debug|Any CPU.Build.0 = Debug|Any CPU
		{13E65BE9-59EC-42EB-99CA-1A5CE6497135}.Release|Any CPU.ActiveCfg = Release|Any CPU
		{13E65BE9-59EC-42EB-99CA-1A5CE6497135}.Release|Any CPU.Build.0 = Release|Any CPU
		{BA6E976D-4664-4CCD-AFAD-3119AFE830DA}.Debug|Any CPU.ActiveCfg = Debug|Any CPU
		{BA6E976D-4664-4CCD-AFAD-3119AFE830DA}.Debug|Any CPU.Build.0 = Debug|Any CPU
		{BA6E976D-4664-4CCD-AFAD-3119AFE830DA}.Release|Any CPU.ActiveCfg = Release|Any CPU
		{BA6E976D-4664-4CCD-AFAD-3119AFE830DA}.Release|Any CPU.Build.0 = Release|Any CPU
		{5D0D35C3-F4EF-4316-90A0-FFCF53CDF198}.Debug|Any CPU.ActiveCfg = Debug|Any CPU
		{5D0D35C3-F4EF-4316-90A0-FFCF53CDF198}.Debug|Any CPU.Build.0 = Debug|Any CPU
		{5D0D35C3-F4EF-4316-90A0-FFCF53CDF198}.Release|Any CPU.ActiveCfg = Release|Any CPU
		{5D0D35C3-F4EF-4316-90A0-FFCF53CDF198}.Release|Any CPU.Build.0 = Release|Any CPU
		{C85FC6F0-92C0-4920-8CBE-2E4E558D28D8}.Debug|Any CPU.ActiveCfg = Debug|Any CPU
		{C85FC6F0-92C0-4920-8CBE-2E4E558D28D8}.Debug|Any CPU.Build.0 = Debug|Any CPU
		{C85FC6F0-92C0-4920-8CBE-2E4E558D28D8}.Release|Any CPU.ActiveCfg = Release|Any CPU
		{C85FC6F0-92C0-4920-8CBE-2E4E558D28D8}.Release|Any CPU.Build.0 = Release|Any CPU
		{C59FCB29-3D52-43BD-8705-91B42166CCF1}.Debug|Any CPU.ActiveCfg = Debug|Any CPU
		{C59FCB29-3D52-43BD-8705-91B42166CCF1}.Debug|Any CPU.Build.0 = Debug|Any CPU
		{C59FCB29-3D52-43BD-8705-91B42166CCF1}.Release|Any CPU.ActiveCfg = Release|Any CPU
		{C59FCB29-3D52-43BD-8705-91B42166CCF1}.Release|Any CPU.Build.0 = Release|Any CPU
	EndGlobalSection
	GlobalSection(SolutionProperties) = preSolution
		HideSolutionNode = FALSE
	EndGlobalSection
	GlobalSection(NestedProjects) = preSolution
		{C59FCB29-3D52-43BD-8705-91B42166CCF1} = {42496727-4CB0-4BB4-8A5E-0614196E6C36}
	EndGlobalSection
EndGlobal
